
Microsoft Visual Studio Solution File, Format Version 12.00
# Visual Studio 15
VisualStudioVersion = 15.0.28307.572
MinimumVisualStudioVersion = 10.0.40219.1
Project("{FAE04EC0-301F-11D3-BF4B-00C04F79EFBC}") = "MM", "MM\MM.csproj", "{3451418E-0365-45E0-9B08-89DEDC615839}"
EndProject
Global
	GlobalSection(SolutionConfigurationPlatforms) = preSolution
		Debug|Any CPU = Debug|Any CPU
		Release|Any CPU = Release|Any CPU
	EndGlobalSection
	GlobalSection(ProjectConfigurationPlatforms) = postSolution
		{3451418E-0365-45E0-9B08-89DEDC615839}.Debug|Any CPU.ActiveCfg = Debug|Any CPU
		{3451418E-0365-45E0-9B08-89DEDC615839}.Debug|Any CPU.Build.0 = Debug|Any CPU
		{3451418E-0365-45E0-9B08-89DEDC615839}.Release|Any CPU.ActiveCfg = Release|Any CPU
		{3451418E-0365-45E0-9B08-89DEDC615839}.Release|Any CPU.Build.0 = Release|Any CPU
	EndGlobalSection
	GlobalSection(SolutionProperties) = preSolution
		HideSolutionNode = FALSE
	EndGlobalSection
	GlobalSection(ExtensibilityGlobals) = postSolution
		SolutionGuid = {A4FA75FB-77FE-4EF9-8015-6DCF632A9571}
	EndGlobalSection
EndGlobal
